<Project xmlns="http://schemas.microsoft.com/developer/msbuild/2003">
    <PropertyGroup>
        <ProjectGuid>{93A888B8-AD96-46A0-A9E9-92730E26BBCA}</ProjectGuid>
        <ProjectVersion>15.3</ProjectVersion>
        <FrameworkType>VCL</FrameworkType>
        <MainSource>SGE2019_04_25.dpr</MainSource>
        <Base>True</Base>
        <Config Condition="'$(Config)'==''">Debug</Config>
        <Platform Condition="'$(Platform)'==''">Win32</Platform>
        <TargetedPlatforms>1</TargetedPlatforms>
        <AppType>Application</AppType>
    </PropertyGroup>
    <PropertyGroup Condition="'$(Config)'=='Base' or '$(Base)'!=''">
        <Base>true</Base>
    </PropertyGroup>
    <PropertyGroup Condition="('$(Platform)'=='Win32' and '$(Base)'=='true') or '$(Base_Win32)'!=''">
        <Base_Win32>true</Base_Win32>
        <CfgParent>Base</CfgParent>
        <Base>true</Base>
    </PropertyGroup>
    <PropertyGroup Condition="'$(Config)'=='Debug' or '$(Cfg_1)'!=''">
        <Cfg_1>true</Cfg_1>
        <CfgParent>Base</CfgParent>
        <Base>true</Base>
    </PropertyGroup>
    <PropertyGroup Condition="('$(Platform)'=='Win32' and '$(Cfg_1)'=='true') or '$(Cfg_1_Win32)'!=''">
        <Cfg_1_Win32>true</Cfg_1_Win32>
        <CfgParent>Cfg_1</CfgParent>
        <Cfg_1>true</Cfg_1>
        <Base>true</Base>
    </PropertyGroup>
    <PropertyGroup Condition="'$(Config)'=='Release' or '$(Cfg_2)'!=''">
        <Cfg_2>true</Cfg_2>
        <CfgParent>Base</CfgParent>
        <Base>true</Base>
    </PropertyGroup>
    <PropertyGroup Condition="'$(Base)'!=''">
        <DCC_Namespace>System;Xml;Data;Datasnap;Web;Soap;Vcl;Vcl.Imaging;Vcl.Touch;Vcl.Samples;Vcl.Shell;$(DCC_Namespace)</DCC_Namespace>
        <Icon_MainIcon>$(BDS)\bin\delphi_PROJECTICON.ico</Icon_MainIcon>
        <DCC_DcuOutput>.\$(Platform)\$(Config)</DCC_DcuOutput>
        <DCC_ExeOutput>.\$(Platform)\$(Config)</DCC_ExeOutput>
        <DCC_E>false</DCC_E>
        <DCC_N>false</DCC_N>
        <DCC_S>false</DCC_S>
        <DCC_F>false</DCC_F>
        <DCC_K>false</DCC_K>
    </PropertyGroup>
    <PropertyGroup Condition="'$(Base_Win32)'!=''">
        <Manifest_File>$(BDS)\bin\default_app.manifest</Manifest_File>
        <DCC_UsePackage>IndyIPClient;JvGlobus;JvMM;JvManagedThreads;DBXSqliteDriver;fmx;JvDlgs;IndySystem;JvCrypt;TeeDB;frx19;vclib;inetdbbde;DBXInterBaseDriver;DataSnapCommon;JvNet;JvDotNetCtrls;DBXSybaseASEDriver;DbxCommonDriver;vclimg;dbxcds;MetropolisUILiveTile;JvXPCtrls;vcldb;vcldsnap;DBXDb2Driver;DBXOracleDriver;CustomIPTransport;JvCore;vclribbon;dsnap;IndyIPServer;IndyCore;vcl;IndyIPCommon;CloudService;DBXMSSQLDriver;FmxTeeUI;CodeSiteExpressPkg;JvAppFrm;JvDB;JvRuntimeDesign;inetdbxpress;frxe19;JclDeveloperTools;JvDocking;adortl;JvWizards;frxDB19;JvHMI;EhLibIBXDataDrivers190;EhLib190;bindcompfmx;JvBands;vcldbx;rtl;dbrtl;DbxClientDriver;bindcomp;JvPluginSystem;Tee;JclContainers;DBXOdbcDriver;JvCmp;JvSystem;xmlrtl;svnui;ibxpress;JvTimeFramework;JvControls;IndyProtocols;DBXMySQLDriver;vclactnband;bindengine;soaprtl;bindcompdbx;FMXTee;TeeUI;bindcompvcl;JvStdCtrls;JvCustom;Jcl;vclie;JvJans;JvPageComps;JvPrintPreview;vcltouch;VclSmp;VCLRESTComponents;DBXInformixDriver;Intraweb;dsnapcon;DBXFirebirdDriver;inet;JclVcl;JvPascalInterpreter;vclx;svn;DBXSybaseASADriver;RESTComponents;bdertl;dbexpress;DataSnapIndy10ServerTransport;JvBDE;$(DCC_UsePackage)</DCC_UsePackage>
        <VerInfo_IncludeVerInfo>true</VerInfo_IncludeVerInfo>
        <DCC_Namespace>Winapi;System.Win;Data.Win;Datasnap.Win;Web.Win;Soap.Win;Xml.Win;Bde;$(DCC_Namespace)</DCC_Namespace>
        <VerInfo_Keys>CompanyName=;FileDescription=;FileVersion=1.0.0.0;InternalName=;LegalCopyright=;LegalTrademarks=;OriginalFilename=;ProductName=;ProductVersion=1.0.0.0;Comments=</VerInfo_Keys>
        <VerInfo_Locale>1033</VerInfo_Locale>
    </PropertyGroup>
    <PropertyGroup Condition="'$(Cfg_1)'!=''">
        <DCC_Define>DEBUG;$(DCC_Define)</DCC_Define>
        <DCC_DebugDCUs>true</DCC_DebugDCUs>
        <DCC_Optimize>false</DCC_Optimize>
        <DCC_GenerateStackFrames>true</DCC_GenerateStackFrames>
        <DCC_DebugInfoInExe>true</DCC_DebugInfoInExe>
        <DCC_RemoteDebug>true</DCC_RemoteDebug>
    </PropertyGroup>
    <PropertyGroup Condition="'$(Cfg_1_Win32)'!=''">
        <DCC_UnitSearchPath>C:\Users\servidor\Documents\RAD Studio\Projects\Componentes\Win32\Debug;$(DCC_UnitSearchPath)</DCC_UnitSearchPath>
        <Manifest_File>None</Manifest_File>
        <DCC_DebugInformation>true</DCC_DebugInformation>
        <DCC_MapFile>3</DCC_MapFile>
        <VerInfo_Build>51</VerInfo_Build>
        <Icon_MainIcon>SGE_Icon.ico</Icon_MainIcon>
        <DCC_ExeOutput>C:\sge\binarios\</DCC_ExeOutput>
        <VerInfo_IncludeVerInfo>true</VerInfo_IncludeVerInfo>
        <VerInfo_Keys>CompanyName=DR2GSistemas.com;FileDescription=Sistema de Gestión Empresarial;FileVersion=1.0.0.51;InternalName=;LegalCopyright=;LegalTrademarks=;OriginalFilename=;ProductName=;ProductVersion=1.0.0.0;Comments=</VerInfo_Keys>
        <VerInfo_AutoIncVersion>true</VerInfo_AutoIncVersion>
        <VerInfo_Locale>1033</VerInfo_Locale>
        <DCC_RemoteDebug>false</DCC_RemoteDebug>
    </PropertyGroup>
    <PropertyGroup Condition="'$(Cfg_2)'!=''">
        <DCC_LocalDebugSymbols>false</DCC_LocalDebugSymbols>
        <DCC_Define>RELEASE;$(DCC_Define)</DCC_Define>
        <DCC_SymbolReferenceInfo>0</DCC_SymbolReferenceInfo>
        <DCC_DebugInformation>0</DCC_DebugInformation>
    </PropertyGroup>
    <ItemGroup>
        <DelphiCompile Include="$(MainSource)">
            <MainSource>MainSource</MainSource>
        </DelphiCompile>
        <DCCReference Include="ufrmMain.pas">
            <Form>frmMain</Form>
            <FormType>dfm</FormType>
        </DCCReference>
        <DCCReference Include="datos.pas">
            <Form>dm1</Form>
            <FormType>dfm</FormType>
            <DesignClass>TDataModule</DesignClass>
        </DCCReference>
        <DCCReference Include="templates\ufrmTemplateModal.pas">
            <Form>frmMensaje</Form>
            <FormType>dfm</FormType>
        </DCCReference>
        <DCCReference Include="templates\ufrmTemplateDatos.pas">
            <Form>frmDatos</Form>
            <FormType>dfm</FormType>
        </DCCReference>
        <DCCReference Include="ufrmVentas.pas">
            <Form>frmVentas</Form>
            <FormType>dfm</FormType>
        </DCCReference>
        <DCCReference Include="forms\busquedas\ufrmBuscarEquivalencia.pas">
            <Form>frmBuscarEquivalencias</Form>
            <FormType>dfm</FormType>
        </DCCReference>
        <DCCReference Include="forms\busquedas\ufrmBuscarProductos.pas">
            <Form>frmBuscarProductos</Form>
            <FormType>dfm</FormType>
        </DCCReference>
        <DCCReference Include="ufrmImprimirListadoProductos.pas">
            <Form>frmImprimirProductos</Form>
            <FormType>dfm</FormType>
        </DCCReference>
        <DCCReference Include="unidades\uEnlace.pas"/>
        <DCCReference Include="Num2Let.pas"/>
        <DCCReference Include="ufrmVentasLista.pas">
            <Form>frmVentasLista</Form>
            <FormType>dfm</FormType>
        </DCCReference>
        <DCCReference Include="ufrmProductos.pas">
            <Form>frmProductos</Form>
            <FormType>dfm</FormType>
        </DCCReference>
        <DCCReference Include="unidades\Controles.pas"/>
        <DCCReference Include="forms\ventas\ufrmabmventas.pas">
            <Form>frmabmVentas</Form>
            <FormType>dfm</FormType>
        </DCCReference>
        <DCCReference Include="ufrmVistaRapidaFacturas.pas">
            <Form>frmVistaFacturas</Form>
            <FormType>dfm</FormType>
        </DCCReference>
        <DCCReference Include="ufrmRendicionVentas.pas">
            <Form>frmRendicionVentas</Form>
            <FormType>dfm</FormType>
        </DCCReference>
        <DCCReference Include="ufrmVentasDia.pas">
            <Form>frmVentasDia</Form>
            <FormType>dfm</FormType>
        </DCCReference>
        <DCCReference Include="Unit1.pas">
            <Form>frmGenerarRecibos</Form>
            <FormType>dfm</FormType>
        </DCCReference>
        <DCCReference Include="forms\ufrmGenerarRecibo.pas">
            <Form>frmGenerarRecibo</Form>
            <FormType>dfm</FormType>
        </DCCReference>
        <DCCReference Include="ufrmMantenerProductos.pas">
            <Form>frmMantenerProductos</Form>
            <FormType>dfm</FormType>
        </DCCReference>
        <DCCReference Include="mejoras\ufrmClientes.pas">
            <Form>frmClientes</Form>
            <FormType>dfm</FormType>
        </DCCReference>
        <DCCReference Include="mejoras\ufrmFacturasTimbrados.pas">
            <Form>frmFacturasTimbrados</Form>
            <FormType>dfm</FormType>
        </DCCReference>
        <DCCReference Include="mejoras\ufrmFacturasClientes.pas">
            <Form>frmResumenFacturasProveedores</Form>
            <FormType>dfm</FormType>
        </DCCReference>
        <DCCReference Include="forms\ufrmlotes.pas">
            <Form>frmLotes</Form>
            <FormType>dfm</FormType>
        </DCCReference>
        <DCCReference Include="forms\uFrmLoteProductos.pas">
            <Form>frmLoteProductos</Form>
            <FormType>dfm</FormType>
        </DCCReference>
        <DCCReference Include="Utilidades.pas"/>
        <DCCReference Include="mejoras\ufrmLotesDisponibles.pas">
            <Form>frmLotesDisponibles</Form>
            <FormType>dfm</FormType>
        </DCCReference>
        <DCCReference Include="unidades\uinterfaces.pas"/>
        <DCCReference Include="mejoras\ufrmNotaCredito.pas">
            <Form>frmNotaCredito</Form>
            <FormType>dfm</FormType>
        </DCCReference>
        <DCCReference Include="mejoras\ufrmNotaCreditoManual.pas">
            <Form>frmNotaCreditoManual</Form>
            <FormType>dfm</FormType>
        </DCCReference>
        <DCCReference Include="ufrmSplash.pas">
            <Form>frmSplash</Form>
            <FormType>dfm</FormType>
        </DCCReference>
        <BuildConfiguration Include="Release">
            <Key>Cfg_2</Key>
            <CfgParent>Base</CfgParent>
        </BuildConfiguration>
        <BuildConfiguration Include="Base">
            <Key>Base</Key>
        </BuildConfiguration>
        <BuildConfiguration Include="Debug">
            <Key>Cfg_1</Key>
            <CfgParent>Base</CfgParent>
        </BuildConfiguration>
    </ItemGroup>
    <ProjectExtensions>
        <Borland.Personality>Delphi.Personality.12</Borland.Personality>
        <Borland.ProjectType/>
        <BorlandProject>
            <Delphi.Personality>
                <VersionInfo>
                    <VersionInfo Name="IncludeVerInfo">False</VersionInfo>
                    <VersionInfo Name="AutoIncBuild">False</VersionInfo>
                    <VersionInfo Name="MajorVer">1</VersionInfo>
                    <VersionInfo Name="MinorVer">0</VersionInfo>
                    <VersionInfo Name="Release">0</VersionInfo>
                    <VersionInfo Name="Build">0</VersionInfo>
                    <VersionInfo Name="Debug">False</VersionInfo>
                    <VersionInfo Name="PreRelease">False</VersionInfo>
                    <VersionInfo Name="Special">False</VersionInfo>
                    <VersionInfo Name="Private">False</VersionInfo>
                    <VersionInfo Name="DLL">False</VersionInfo>
                    <VersionInfo Name="Locale">15370</VersionInfo>
                    <VersionInfo Name="CodePage">1252</VersionInfo>
                </VersionInfo>
                <VersionInfoKeys>
                    <VersionInfoKeys Name="CompanyName"/>
                    <VersionInfoKeys Name="FileDescription"/>
                    <VersionInfoKeys Name="FileVersion">1.0.0.0</VersionInfoKeys>
                    <VersionInfoKeys Name="InternalName"/>
                    <VersionInfoKeys Name="LegalCopyright"/>
                    <VersionInfoKeys Name="LegalTrademarks"/>
                    <VersionInfoKeys Name="OriginalFilename"/>
                    <VersionInfoKeys Name="ProductName"/>
                    <VersionInfoKeys Name="ProductVersion">1.0.0.0</VersionInfoKeys>
                    <VersionInfoKeys Name="Comments"/>
                    <VersionInfoKeys Name="CFBundleName"/>
                    <VersionInfoKeys Name="CFBundleDisplayName"/>
                    <VersionInfoKeys Name="UIDeviceFamily"/>
                    <VersionInfoKeys Name="CFBundleIdentifier"/>
                    <VersionInfoKeys Name="CFBundleVersion"/>
                    <VersionInfoKeys Name="CFBundlePackageType"/>
                    <VersionInfoKeys Name="CFBundleSignature"/>
                    <VersionInfoKeys Name="CFBundleAllowMixedLocalizations"/>
                    <VersionInfoKeys Name="UISupportedInterfaceOrientations"/>
                    <VersionInfoKeys Name="CFBundleExecutable"/>
                    <VersionInfoKeys Name="CFBundleResourceSpecification"/>
                    <VersionInfoKeys Name="LSRequiresIPhoneOS"/>
                    <VersionInfoKeys Name="CFBundleInfoDictionaryVersion"/>
                    <VersionInfoKeys Name="CFBundleDevelopmentRegion"/>
                    <VersionInfoKeys Name="package"/>
                    <VersionInfoKeys Name="label"/>
                    <VersionInfoKeys Name="versionCode"/>
                    <VersionInfoKeys Name="versionName"/>
                    <VersionInfoKeys Name="persistent"/>
                    <VersionInfoKeys Name="restoreAnyVersion"/>
                    <VersionInfoKeys Name="installLocation"/>
                    <VersionInfoKeys Name="largeHeap"/>
                    <VersionInfoKeys Name="theme"/>
                </VersionInfoKeys>
                <Source>
                    <Source Name="MainSource">SGE2019_04_25.dpr</Source>
                </Source>
                <Excluded_Packages>
                    <Excluded_Packages Name="$(BDSBIN)\dcloffice2k190.bpl">Microsoft Office 2000 Sample Automation Server Wrapper Components</Excluded_Packages>
                    <Excluded_Packages Name="$(BDSBIN)\dclofficexp190.bpl">Microsoft Office XP Sample Automation Server Wrapper Components</Excluded_Packages>
                    <Excluded_Packages Name="$(BDSBIN)\dclDataSnapClient190.bpl">Embarcadero DBExpress DataSnap Client Components</Excluded_Packages>
                    <Excluded_Packages Name="$(BDSBIN)\dclDataSnapConnectors190.bpl">Embarcadero DataSnap Connector Components</Excluded_Packages>
                    <Excluded_Packages Name="$(BDSBIN)\dclDataSnapProviderClient190.bpl">Embarcadero DBExpress DataSnap Provider Client Components</Excluded_Packages>
                    <Excluded_Packages Name="$(BDSBIN)\dclDataSnapServer190.bpl">Embarcadero DBExpress DataSnap Server Components</Excluded_Packages>
                </Excluded_Packages>
            </Delphi.Personality>
            <Deployment/>
            <Platforms>
                <Platform value="Win32">True</Platform>
            </Platforms>
        </BorlandProject>
        <ProjectFileVersion>12</ProjectFileVersion>
    </ProjectExtensions>
    <Import Project="$(BDS)\Bin\CodeGear.Delphi.Targets" Condition="Exists('$(BDS)\Bin\CodeGear.Delphi.Targets')"/>
    <Import Project="$(APPDATA)\Embarcadero\$(BDSAPPDATABASEDIR)\$(PRODUCTVERSION)\UserTools.proj" Condition="Exists('$(APPDATA)\Embarcadero\$(BDSAPPDATABASEDIR)\$(PRODUCTVERSION)\UserTools.proj')"/>
</Project>
